// !$*UTF8*$!
{
	archiveVersion = 1;
	classes = {
	};
	objectVersion = 51;
	objects = {

/* Begin PBXBuildFile section */
		1A9E8127819B6DD363A9E531 /* Pods_Flix_FlixUITests.framework in Frameworks */ = {isa = PBXBuildFile; fileRef = 18D4348F5F3E8CB43878CDCB /* Pods_Flix_FlixUITests.framework */; };
		8F477CD02526D874002064B1 /* MovieGridViewController.swift in Sources */ = {isa = PBXBuildFile; fileRef = 8F477CCF2526D874002064B1 /* MovieGridViewController.swift */; };
		8F477CDD2528006B002064B1 /* MovieGridCell.swift in Sources */ = {isa = PBXBuildFile; fileRef = 8F477CDC2528006B002064B1 /* MovieGridCell.swift */; };
		8F477CE225281147002064B1 /* MovieGridDetailsViewController.swift in Sources */ = {isa = PBXBuildFile; fileRef = 8F477CE125281147002064B1 /* MovieGridDetailsViewController.swift */; };
		8F7C6EB125256C540054B172 /* MovieDetailsViewController.swift in Sources */ = {isa = PBXBuildFile; fileRef = 8F7C6EB025256C540054B172 /* MovieDetailsViewController.swift */; };
		8FC68BE8251D84C900D50830 /* MovieCell.swift in Sources */ = {isa = PBXBuildFile; fileRef = 8FC68BE7251D84C900D50830 /* MovieCell.swift */; };
		8FE91B66251C3CA200FD41F2 /* AppDelegate.swift in Sources */ = {isa = PBXBuildFile; fileRef = 8FE91B65251C3CA200FD41F2 /* AppDelegate.swift */; };
		8FE91B68251C3CA200FD41F2 /* SceneDelegate.swift in Sources */ = {isa = PBXBuildFile; fileRef = 8FE91B67251C3CA200FD41F2 /* SceneDelegate.swift */; };
		8FE91B6D251C3CA200FD41F2 /* Main.storyboard in Resources */ = {isa = PBXBuildFile; fileRef = 8FE91B6B251C3CA200FD41F2 /* Main.storyboard */; };
		8FE91B6F251C3CA300FD41F2 /* Assets.xcassets in Resources */ = {isa = PBXBuildFile; fileRef = 8FE91B6E251C3CA300FD41F2 /* Assets.xcassets */; };
		8FE91B72251C3CA300FD41F2 /* LaunchScreen.storyboard in Resources */ = {isa = PBXBuildFile; fileRef = 8FE91B70251C3CA300FD41F2 /* LaunchScreen.storyboard */; };
		8FE91B7D251C3CA300FD41F2 /* FlixTests.swift in Sources */ = {isa = PBXBuildFile; fileRef = 8FE91B7C251C3CA300FD41F2 /* FlixTests.swift */; };
		8FE91B88251C3CA300FD41F2 /* FlixUITests.swift in Sources */ = {isa = PBXBuildFile; fileRef = 8FE91B87251C3CA300FD41F2 /* FlixUITests.swift */; };
		8FE91B96251C417C00FD41F2 /* MovieViewController.swift in Sources */ = {isa = PBXBuildFile; fileRef = 8FE91B95251C417C00FD41F2 /* MovieViewController.swift */; };
		FB3042AC3C4377491E12BB44 /* Pods_FlixTests.framework in Frameworks */ = {isa = PBXBuildFile; fileRef = BE45F530500E668F77F73E46 /* Pods_FlixTests.framework */; };
		FEE46982DB1AF8CDF699D323 /* Pods_Flix.framework in Frameworks */ = {isa = PBXBuildFile; fileRef = EE7039D57E138288A61F1BEB /* Pods_Flix.framework */; };
/* End PBXBuildFile section */

/* Begin PBXContainerItemProxy section */
		8FE91B79251C3CA300FD41F2 /* PBXContainerItemProxy */ = {
			isa = PBXContainerItemProxy;
			containerPortal = 8FE91B5A251C3CA200FD41F2 /* Project object */;
			proxyType = 1;
			remoteGlobalIDString = 8FE91B61251C3CA200FD41F2;
			remoteInfo = Flix;
		};
		8FE91B84251C3CA300FD41F2 /* PBXContainerItemProxy */ = {
			isa = PBXContainerItemProxy;
			containerPortal = 8FE91B5A251C3CA200FD41F2 /* Project object */;
			proxyType = 1;
			remoteGlobalIDString = 8FE91B61251C3CA200FD41F2;
			remoteInfo = Flix;
		};
/* End PBXContainerItemProxy section */

/* Begin PBXFileReference section */
		0D6DA35D3908AF12D3FF7E51 /* Pods-Flix.release.xcconfig */ = {isa = PBXFileReference; includeInIndex = 1; lastKnownFileType = text.xcconfig; name = "Pods-Flix.release.xcconfig"; path = "Target Support Files/Pods-Flix/Pods-Flix.release.xcconfig"; sourceTree = "<group>"; };
		18D4348F5F3E8CB43878CDCB /* Pods_Flix_FlixUITests.framework */ = {isa = PBXFileReference; explicitFileType = wrapper.framework; includeInIndex = 0; path = Pods_Flix_FlixUITests.framework; sourceTree = BUILT_PRODUCTS_DIR; };
		465154C47765F08E6B8E9793 /* Pods-Flix.debug.xcconfig */ = {isa = PBXFileReference; includeInIndex = 1; lastKnownFileType = text.xcconfig; name = "Pods-Flix.debug.xcconfig"; path = "Target Support Files/Pods-Flix/Pods-Flix.debug.xcconfig"; sourceTree = "<group>"; };
		58BD35DAA13AA99C27D51E28 /* Pods-FlixTests.release.xcconfig */ = {isa = PBXFileReference; includeInIndex = 1; lastKnownFileType = text.xcconfig; name = "Pods-FlixTests.release.xcconfig"; path = "Target Support Files/Pods-FlixTests/Pods-FlixTests.release.xcconfig"; sourceTree = "<group>"; };
		8544C290EDA0AABDB1F2947A /* Pods-Flix-FlixUITests.release.xcconfig */ = {isa = PBXFileReference; includeInIndex = 1; lastKnownFileType = text.xcconfig; name = "Pods-Flix-FlixUITests.release.xcconfig"; path = "Target Support Files/Pods-Flix-FlixUITests/Pods-Flix-FlixUITests.release.xcconfig"; sourceTree = "<group>"; };
		8F477CCF2526D874002064B1 /* MovieGridViewController.swift */ = {isa = PBXFileReference; lastKnownFileType = sourcecode.swift; path = MovieGridViewController.swift; sourceTree = "<group>"; };
		8F477CDC2528006B002064B1 /* MovieGridCell.swift */ = {isa = PBXFileReference; lastKnownFileType = sourcecode.swift; path = MovieGridCell.swift; sourceTree = "<group>"; };
		8F477CE125281147002064B1 /* MovieGridDetailsViewController.swift */ = {isa = PBXFileReference; lastKnownFileType = sourcecode.swift; path = MovieGridDetailsViewController.swift; sourceTree = "<group>"; };
		8F7C6EB025256C540054B172 /* MovieDetailsViewController.swift */ = {isa = PBXFileReference; lastKnownFileType = sourcecode.swift; path = MovieDetailsViewController.swift; sourceTree = "<group>"; };
		8FC68BE7251D84C900D50830 /* MovieCell.swift */ = {isa = PBXFileReference; lastKnownFileType = sourcecode.swift; path = MovieCell.swift; sourceTree = "<group>"; };
		8FE91B62251C3CA200FD41F2 /* Flix.app */ = {isa = PBXFileReference; explicitFileType = wrapper.application; includeInIndex = 0; path = Flix.app; sourceTree = BUILT_PRODUCTS_DIR; };
		8FE91B65251C3CA200FD41F2 /* AppDelegate.swift */ = {isa = PBXFileReference; lastKnownFileType = sourcecode.swift; path = AppDelegate.swift; sourceTree = "<group>"; };
		8FE91B67251C3CA200FD41F2 /* SceneDelegate.swift */ = {isa = PBXFileReference; lastKnownFileType = sourcecode.swift; path = SceneDelegate.swift; sourceTree = "<group>"; };
		8FE91B6C251C3CA200FD41F2 /* Base */ = {isa = PBXFileReference; lastKnownFileType = file.storyboard; name = Base; path = Base.lproj/Main.storyboard; sourceTree = "<group>"; };
		8FE91B6E251C3CA300FD41F2 /* Assets.xcassets */ = {isa = PBXFileReference; lastKnownFileType = folder.assetcatalog; path = Assets.xcassets; sourceTree = "<group>"; };
		8FE91B71251C3CA300FD41F2 /* Base */ = {isa = PBXFileReference; lastKnownFileType = file.storyboard; name = Base; path = Base.lproj/LaunchScreen.storyboard; sourceTree = "<group>"; };
		8FE91B73251C3CA300FD41F2 /* Info.plist */ = {isa = PBXFileReference; lastKnownFileType = text.plist.xml; path = Info.plist; sourceTree = "<group>"; };
		8FE91B78251C3CA300FD41F2 /* FlixTests.xctest */ = {isa = PBXFileReference; explicitFileType = wrapper.cfbundle; includeInIndex = 0; path = FlixTests.xctest; sourceTree = BUILT_PRODUCTS_DIR; };
		8FE91B7C251C3CA300FD41F2 /* FlixTests.swift */ = {isa = PBXFileReference; lastKnownFileType = sourcecode.swift; path = FlixTests.swift; sourceTree = "<group>"; };
		8FE91B7E251C3CA300FD41F2 /* Info.plist */ = {isa = PBXFileReference; lastKnownFileType = text.plist.xml; path = Info.plist; sourceTree = "<group>"; };
		8FE91B83251C3CA300FD41F2 /* FlixUITests.xctest */ = {isa = PBXFileReference; explicitFileType = wrapper.cfbundle; includeInIndex = 0; path = FlixUITests.xctest; sourceTree = BUILT_PRODUCTS_DIR; };
		8FE91B87251C3CA300FD41F2 /* FlixUITests.swift */ = {isa = PBXFileReference; lastKnownFileType = sourcecode.swift; path = FlixUITests.swift; sourceTree = "<group>"; };
		8FE91B89251C3CA300FD41F2 /* Info.plist */ = {isa = PBXFileReference; lastKnownFileType = text.plist.xml; path = Info.plist; sourceTree = "<group>"; };
		8FE91B95251C417C00FD41F2 /* MovieViewController.swift */ = {isa = PBXFileReference; lastKnownFileType = sourcecode.swift; path = MovieViewController.swift; sourceTree = "<group>"; };
		94FD05B227C1F9B05F5AC65E /* Pods-Flix-FlixUITests.debug.xcconfig */ = {isa = PBXFileReference; includeInIndex = 1; lastKnownFileType = text.xcconfig; name = "Pods-Flix-FlixUITests.debug.xcconfig"; path = "Target Support Files/Pods-Flix-FlixUITests/Pods-Flix-FlixUITests.debug.xcconfig"; sourceTree = "<group>"; };
		BE45F530500E668F77F73E46 /* Pods_FlixTests.framework */ = {isa = PBXFileReference; explicitFileType = wrapper.framework; includeInIndex = 0; path = Pods_FlixTests.framework; sourceTree = BUILT_PRODUCTS_DIR; };
		CB4CB184348C3C967A20962C /* Pods-FlixTests.debug.xcconfig */ = {isa = PBXFileReference; includeInIndex = 1; lastKnownFileType = text.xcconfig; name = "Pods-FlixTests.debug.xcconfig"; path = "Target Support Files/Pods-FlixTests/Pods-FlixTests.debug.xcconfig"; sourceTree = "<group>"; };
		EE7039D57E138288A61F1BEB /* Pods_Flix.framework */ = {isa = PBXFileReference; explicitFileType = wrapper.framework; includeInIndex = 0; path = Pods_Flix.framework; sourceTree = BUILT_PRODUCTS_DIR; };
/* End PBXFileReference section */

/* Begin PBXFrameworksBuildPhase section */
		8FE91B5F251C3CA200FD41F2 /* Frameworks */ = {
			isa = PBXFrameworksBuildPhase;
			buildActionMask = 2147483647;
			files = (
				FEE46982DB1AF8CDF699D323 /* Pods_Flix.framework in Frameworks */,
			);
			runOnlyForDeploymentPostprocessing = 0;
		};
		8FE91B75251C3CA300FD41F2 /* Frameworks */ = {
			isa = PBXFrameworksBuildPhase;
			buildActionMask = 2147483647;
			files = (
				FB3042AC3C4377491E12BB44 /* Pods_FlixTests.framework in Frameworks */,
			);
			runOnlyForDeploymentPostprocessing = 0;
		};
		8FE91B80251C3CA300FD41F2 /* Frameworks */ = {
			isa = PBXFrameworksBuildPhase;
			buildActionMask = 2147483647;
			files = (
				1A9E8127819B6DD363A9E531 /* Pods_Flix_FlixUITests.framework in Frameworks */,
			);
			runOnlyForDeploymentPostprocessing = 0;
		};
/* End PBXFrameworksBuildPhase section */

/* Begin PBXGroup section */
		38AFE65E264CA8285F16ABA8 /* Pods */ = {
			isa = PBXGroup;
			children = (
				465154C47765F08E6B8E9793 /* Pods-Flix.debug.xcconfig */,
				0D6DA35D3908AF12D3FF7E51 /* Pods-Flix.release.xcconfig */,
				94FD05B227C1F9B05F5AC65E /* Pods-Flix-FlixUITests.debug.xcconfig */,
				8544C290EDA0AABDB1F2947A /* Pods-Flix-FlixUITests.release.xcconfig */,
				CB4CB184348C3C967A20962C /* Pods-FlixTests.debug.xcconfig */,
				58BD35DAA13AA99C27D51E28 /* Pods-FlixTests.release.xcconfig */,
			);
			path = Pods;
			sourceTree = "<group>";
		};
		8FE91B59251C3CA200FD41F2 = {
			isa = PBXGroup;
			children = (
				8FE91B64251C3CA200FD41F2 /* Flix */,
				8FE91B7B251C3CA300FD41F2 /* FlixTests */,
				8FE91B86251C3CA300FD41F2 /* FlixUITests */,
				8FE91B63251C3CA200FD41F2 /* Products */,
				38AFE65E264CA8285F16ABA8 /* Pods */,
				F013CED0C8F8B0B8D2696053 /* Frameworks */,
			);
			sourceTree = "<group>";
		};
		8FE91B63251C3CA200FD41F2 /* Products */ = {
			isa = PBXGroup;
			children = (
				8FE91B62251C3CA200FD41F2 /* Flix.app */,
				8FE91B78251C3CA300FD41F2 /* FlixTests.xctest */,
				8FE91B83251C3CA300FD41F2 /* FlixUITests.xctest */,
			);
			name = Products;
			sourceTree = "<group>";
		};
		8FE91B64251C3CA200FD41F2 /* Flix */ = {
			isa = PBXGroup;
			children = (
				8FE91B65251C3CA200FD41F2 /* AppDelegate.swift */,
				8FE91B6B251C3CA200FD41F2 /* Main.storyboard */,
				8F477CE125281147002064B1 /* MovieGridDetailsViewController.swift */,
				8FE91B6E251C3CA300FD41F2 /* Assets.xcassets */,
				8FE91B67251C3CA200FD41F2 /* SceneDelegate.swift */,
				8F477CCF2526D874002064B1 /* MovieGridViewController.swift */,
				8F477CDC2528006B002064B1 /* MovieGridCell.swift */,
				8FC68BE7251D84C900D50830 /* MovieCell.swift */,
				8FE91B95251C417C00FD41F2 /* MovieViewController.swift */,
				8F7C6EB025256C540054B172 /* MovieDetailsViewController.swift */,
				8FE91B70251C3CA300FD41F2 /* LaunchScreen.storyboard */,
				8FE91B73251C3CA300FD41F2 /* Info.plist */,
			);
			path = Flix;
			sourceTree = "<group>";
		};
		8FE91B7B251C3CA300FD41F2 /* FlixTests */ = {
			isa = PBXGroup;
			children = (
				8FE91B7C251C3CA300FD41F2 /* FlixTests.swift */,
				8FE91B7E251C3CA300FD41F2 /* Info.plist */,
			);
			path = FlixTests;
			sourceTree = "<group>";
		};
		8FE91B86251C3CA300FD41F2 /* FlixUITests */ = {
			isa = PBXGroup;
			children = (
				8FE91B87251C3CA300FD41F2 /* FlixUITests.swift */,
				8FE91B89251C3CA300FD41F2 /* Info.plist */,
			);
			path = FlixUITests;
			sourceTree = "<group>";
		};
		F013CED0C8F8B0B8D2696053 /* Frameworks */ = {
			isa = PBXGroup;
			children = (
				EE7039D57E138288A61F1BEB /* Pods_Flix.framework */,
				18D4348F5F3E8CB43878CDCB /* Pods_Flix_FlixUITests.framework */,
				BE45F530500E668F77F73E46 /* Pods_FlixTests.framework */,
			);
			name = Frameworks;
			sourceTree = "<group>";
		};
/* End PBXGroup section */

/* Begin PBXNativeTarget section */
		8FE91B61251C3CA200FD41F2 /* Flix */ = {
			isa = PBXNativeTarget;
			buildConfigurationList = 8FE91B8C251C3CA300FD41F2 /* Build configuration list for PBXNativeTarget "Flix" */;
			buildPhases = (
				18335CE21217D5D448FBF9A3 /* [CP] Check Pods Manifest.lock */,
				8FE91B5E251C3CA200FD41F2 /* Sources */,
				8FE91B5F251C3CA200FD41F2 /* Frameworks */,
				8FE91B60251C3CA200FD41F2 /* Resources */,
				58BF4B8855019CCDC6509981 /* [CP] Embed Pods Frameworks */,
			);
			buildRules = (
			);
			dependencies = (
			);
			name = Flix;
			productName = Flix;
			productReference = 8FE91B62251C3CA200FD41F2 /* Flix.app */;
			productType = "com.apple.product-type.application";
		};
		8FE91B77251C3CA300FD41F2 /* FlixTests */ = {
			isa = PBXNativeTarget;
			buildConfigurationList = 8FE91B8F251C3CA300FD41F2 /* Build configuration list for PBXNativeTarget "FlixTests" */;
			buildPhases = (
				45BF18C2D64CFB1B04F6477A /* [CP] Check Pods Manifest.lock */,
				8FE91B74251C3CA300FD41F2 /* Sources */,
				8FE91B75251C3CA300FD41F2 /* Frameworks */,
				8FE91B76251C3CA300FD41F2 /* Resources */,
			);
			buildRules = (
			);
			dependencies = (
				8FE91B7A251C3CA300FD41F2 /* PBXTargetDependency */,
			);
			name = FlixTests;
			productName = FlixTests;
			productReference = 8FE91B78251C3CA300FD41F2 /* FlixTests.xctest */;
			productType = "com.apple.product-type.bundle.unit-test";
		};
		8FE91B82251C3CA300FD41F2 /* FlixUITests */ = {
			isa = PBXNativeTarget;
			buildConfigurationList = 8FE91B92251C3CA300FD41F2 /* Build configuration list for PBXNativeTarget "FlixUITests" */;
			buildPhases = (
				77AAE28E67FD0C90C8086D9F /* [CP] Check Pods Manifest.lock */,
				8FE91B7F251C3CA300FD41F2 /* Sources */,
				8FE91B80251C3CA300FD41F2 /* Frameworks */,
				8FE91B81251C3CA300FD41F2 /* Resources */,
				EDC8F20F88BCDA0859A31C68 /* [CP] Embed Pods Frameworks */,
			);
			buildRules = (
			);
			dependencies = (
				8FE91B85251C3CA300FD41F2 /* PBXTargetDependency */,
			);
			name = FlixUITests;
			productName = FlixUITests;
			productReference = 8FE91B83251C3CA300FD41F2 /* FlixUITests.xctest */;
			productType = "com.apple.product-type.bundle.ui-testing";
		};
/* End PBXNativeTarget section */

/* Begin PBXProject section */
		8FE91B5A251C3CA200FD41F2 /* Project object */ = {
			isa = PBXProject;
			attributes = {
				LastSwiftUpdateCheck = 1150;
				LastUpgradeCheck = 1150;
				ORGANIZATIONNAME = "Yihui Liao";
				TargetAttributes = {
					8FE91B61251C3CA200FD41F2 = {
						CreatedOnToolsVersion = 11.5;
					};
					8FE91B77251C3CA300FD41F2 = {
						CreatedOnToolsVersion = 11.5;
						TestTargetID = 8FE91B61251C3CA200FD41F2;
					};
					8FE91B82251C3CA300FD41F2 = {
						CreatedOnToolsVersion = 11.5;
						TestTargetID = 8FE91B61251C3CA200FD41F2;
					};
				};
			};
			buildConfigurationList = 8FE91B5D251C3CA200FD41F2 /* Build configuration list for PBXProject "Flix" */;
			compatibilityVersion = "Xcode 9.3";
			developmentRegion = en;
			hasScannedForEncodings = 0;
			knownRegions = (
				en,
				Base,
			);
			mainGroup = 8FE91B59251C3CA200FD41F2;
			productRefGroup = 8FE91B63251C3CA200FD41F2 /* Products */;
			projectDirPath = "";
			projectRoot = "";
			targets = (
				8FE91B61251C3CA200FD41F2 /* Flix */,
				8FE91B77251C3CA300FD41F2 /* FlixTests */,
				8FE91B82251C3CA300FD41F2 /* FlixUITests */,
			);
		};
/* End PBXProject section */

/* Begin PBXResourcesBuildPhase section */
		8FE91B60251C3CA200FD41F2 /* Resources */ = {
			isa = PBXResourcesBuildPhase;
			buildActionMask = 2147483647;
			files = (
				8FE91B72251C3CA300FD41F2 /* LaunchScreen.storyboard in Resources */,
				8FE91B6F251C3CA300FD41F2 /* Assets.xcassets in Resources */,
				8FE91B6D251C3CA200FD41F2 /* Main.storyboard in Resources */,
			);
			runOnlyForDeploymentPostprocessing = 0;
		};
		8FE91B76251C3CA300FD41F2 /* Resources */ = {
			isa = PBXResourcesBuildPhase;
			buildActionMask = 2147483647;
			files = (
			);
			runOnlyForDeploymentPostprocessing = 0;
		};
		8FE91B81251C3CA300FD41F2 /* Resources */ = {
			isa = PBXResourcesBuildPhase;
			buildActionMask = 2147483647;
			files = (
			);
			runOnlyForDeploymentPostprocessing = 0;
		};
/* End PBXResourcesBuildPhase section */

/* Begin PBXShellScriptBuildPhase section */
		18335CE21217D5D448FBF9A3 /* [CP] Check Pods Manifest.lock */ = {
			isa = PBXShellScriptBuildPhase;
			buildActionMask = 2147483647;
			files = (
			);
			inputFileListPaths = (
			);
			inputPaths = (
				"${PODS_PODFILE_DIR_PATH}/Podfile.lock",
				"${PODS_ROOT}/Manifest.lock",
			);
			name = "[CP] Check Pods Manifest.lock";
			outputFileListPaths = (
			);
			outputPaths = (
				"$(DERIVED_FILE_DIR)/Pods-Flix-checkManifestLockResult.txt",
			);
			runOnlyForDeploymentPostprocessing = 0;
			shellPath = /bin/sh;
			shellScript = "diff \"${PODS_PODFILE_DIR_PATH}/Podfile.lock\" \"${PODS_ROOT}/Manifest.lock\" > /dev/null\nif [ $? != 0 ] ; then\n    # print error to STDERR\n    echo \"error: The sandbox is not in sync with the Podfile.lock. Run 'pod install' or update your CocoaPods installation.\" >&2\n    exit 1\nfi\n# This output is used by Xcode 'outputs' to avoid re-running this script phase.\necho \"SUCCESS\" > \"${SCRIPT_OUTPUT_FILE_0}\"\n";
			showEnvVarsInLog = 0;
		};
		45BF18C2D64CFB1B04F6477A /* [CP] Check Pods Manifest.lock */ = {
			isa = PBXShellScriptBuildPhase;
			buildActionMask = 2147483647;
			files = (
			);
			inputFileListPaths = (
			);
			inputPaths = (
				"${PODS_PODFILE_DIR_PATH}/Podfile.lock",
				"${PODS_ROOT}/Manifest.lock",
			);
			name = "[CP] Check Pods Manifest.lock";
			outputFileListPaths = (
			);
			outputPaths = (
				"$(DERIVED_FILE_DIR)/Pods-FlixTests-checkManifestLockResult.txt",
			);
			runOnlyForDeploymentPostprocessing = 0;
			shellPath = /bin/sh;
			shellScript = "diff \"${PODS_PODFILE_DIR_PATH}/Podfile.lock\" \"${PODS_ROOT}/Manifest.lock\" > /dev/null\nif [ $? != 0 ] ; then\n    # print error to STDERR\n    echo \"error: The sandbox is not in sync with the Podfile.lock. Run 'pod install' or update your CocoaPods installation.\" >&2\n    exit 1\nfi\n# This output is used by Xcode 'outputs' to avoid re-running this script phase.\necho \"SUCCESS\" > \"${SCRIPT_OUTPUT_FILE_0}\"\n";
			showEnvVarsInLog = 0;
		};
		58BF4B8855019CCDC6509981 /* [CP] Embed Pods Frameworks */ = {
			isa = PBXShellScriptBuildPhase;
			buildActionMask = 2147483647;
			files = (
			);
			inputFileListPaths = (
				"${PODS_ROOT}/Target Support Files/Pods-Flix/Pods-Flix-frameworks-${CONFIGURATION}-input-files.xcfilelist",
			);
			name = "[CP] Embed Pods Frameworks";
			outputFileListPaths = (
				"${PODS_ROOT}/Target Support Files/Pods-Flix/Pods-Flix-frameworks-${CONFIGURATION}-output-files.xcfilelist",
			);
			runOnlyForDeploymentPostprocessing = 0;
			shellPath = /bin/sh;
			shellScript = "\"${PODS_ROOT}/Target Support Files/Pods-Flix/Pods-Flix-frameworks.sh\"\n";
			showEnvVarsInLog = 0;
		};
		77AAE28E67FD0C90C8086D9F /* [CP] Check Pods Manifest.lock */ = {
			isa = PBXShellScriptBuildPhase;
			buildActionMask = 2147483647;
			files = (
			);
			inputFileListPaths = (
			);
			inputPaths = (
				"${PODS_PODFILE_DIR_PATH}/Podfile.lock",
				"${PODS_ROOT}/Manifest.lock",
			);
			name = "[CP] Check Pods Manifest.lock";
			outputFileListPaths = (
			);
			outputPaths = (
				"$(DERIVED_FILE_DIR)/Pods-Flix-FlixUITests-checkManifestLockResult.txt",
			);
			runOnlyForDeploymentPostprocessing = 0;
			shellPath = /bin/sh;
			shellScript = "diff \"${PODS_PODFILE_DIR_PATH}/Podfile.lock\" \"${PODS_ROOT}/Manifest.lock\" > /dev/null\nif [ $? != 0 ] ; then\n    # print error to STDERR\n    echo \"error: The sandbox is not in sync with the Podfile.lock. Run 'pod install' or update your CocoaPods installation.\" >&2\n    exit 1\nfi\n# This output is used by Xcode 'outputs' to avoid re-running this script phase.\necho \"SUCCESS\" > \"${SCRIPT_OUTPUT_FILE_0}\"\n";
			showEnvVarsInLog = 0;
		};
		EDC8F20F88BCDA0859A31C68 /* [CP] Embed Pods Frameworks */ = {
			isa = PBXShellScriptBuildPhase;
			buildActionMask = 2147483647;
			files = (
			);
			inputFileListPaths = (
				"${PODS_ROOT}/Target Support Files/Pods-Flix-FlixUITests/Pods-Flix-FlixUITests-frameworks-${CONFIGURATION}-input-files.xcfilelist",
			);
			name = "[CP] Embed Pods Frameworks";
			outputFileListPaths = (
				"${PODS_ROOT}/Target Support Files/Pods-Flix-FlixUITests/Pods-Flix-FlixUITests-frameworks-${CONFIGURATION}-output-files.xcfilelist",
			);
			runOnlyForDeploymentPostprocessing = 0;
			shellPath = /bin/sh;
			shellScript = "\"${PODS_ROOT}/Target Support Files/Pods-Flix-FlixUITests/Pods-Flix-FlixUITests-frameworks.sh\"\n";
			showEnvVarsInLog = 0;
		};
/* End PBXShellScriptBuildPhase section */

/* Begin PBXSourcesBuildPhase section */
		8FE91B5E251C3CA200FD41F2 /* Sources */ = {
			isa = PBXSourcesBuildPhase;
			buildActionMask = 2147483647;
			files = (
				8F7C6EB125256C540054B172 /* MovieDetailsViewController.swift in Sources */,
				8FE91B66251C3CA200FD41F2 /* AppDelegate.swift in Sources */,
				8F477CE225281147002064B1 /* MovieGridDetailsViewController.swift in Sources */,
				8FE91B68251C3CA200FD41F2 /* SceneDelegate.swift in Sources */,
				8FC68BE8251D84C900D50830 /* MovieCell.swift in Sources */,
				8FE91B96251C417C00FD41F2 /* MovieViewController.swift in Sources */,
				8F477CD02526D874002064B1 /* MovieGridViewController.swift in Sources */,
				8F477CDD2528006B002064B1 /* MovieGridCell.swift in Sources */,
			);
			runOnlyForDeploymentPostprocessing = 0;
		};
		8FE91B74251C3CA300FD41F2 /* Sources */ = {
			isa = PBXSourcesBuildPhase;
			buildActionMask = 2147483647;
			files = (
				8FE91B7D251C3CA300FD41F2 /* FlixTests.swift in Sources */,
			);
			runOnlyForDeploymentPostprocessing = 0;
		};
		8FE91B7F251C3CA300FD41F2 /* Sources */ = {
			isa = PBXSourcesBuildPhase;
			buildActionMask = 2147483647;
			files = (
				8FE91B88251C3CA300FD41F2 /* FlixUITests.swift in Sources */,
			);
			runOnlyForDeploymentPostprocessing = 0;
		};
/* End PBXSourcesBuildPhase section */

/* Begin PBXTargetDependency section */
		8FE91B7A251C3CA300FD41F2 /* PBXTargetDependency */ = {
			isa = PBXTargetDependency;
			target = 8FE91B61251C3CA200FD41F2 /* Flix */;
			targetProxy = 8FE91B79251C3CA300FD41F2 /* PBXContainerItemProxy */;
		};
		8FE91B85251C3CA300FD41F2 /* PBXTargetDependency */ = {
			isa = PBXTargetDependency;
			target = 8FE91B61251C3CA200FD41F2 /* Flix */;
			targetProxy = 8FE91B84251C3CA300FD41F2 /* PBXContainerItemProxy */;
		};
/* End PBXTargetDependency section */

/* Begin PBXVariantGroup section */
		8FE91B6B251C3CA200FD41F2 /* Main.storyboard */ = {
			isa = PBXVariantGroup;
			children = (
				8FE91B6C251C3CA200FD41F2 /* Base */,
			);
			name = Main.storyboard;
			sourceTree = "<group>";
		};
		8FE91B70251C3CA300FD41F2 /* LaunchScreen.storyboard */ = {
			isa = PBXVariantGroup;
			children = (
				8FE91B71251C3CA300FD41F2 /* Base */,
			);
			name = LaunchScreen.storyboard;
			sourceTree = "<group>";
		};
/* End PBXVariantGroup section */

/* Begin XCBuildConfiguration section */
		8FE91B8A251C3CA300FD41F2 /* Debug */ = {
			isa = XCBuildConfiguration;
			buildSettings = {
				ALWAYS_SEARCH_USER_PATHS = NO;
				CLANG_ANALYZER_NONNULL = YES;
				CLANG_ANALYZER_NUMBER_OBJECT_CONVERSION = YES_AGGRESSIVE;
				CLANG_CXX_LANGUAGE_STANDARD = "gnu++14";
				CLANG_CXX_LIBRARY = "libc++";
				CLANG_ENABLE_MODULES = YES;
				CLANG_ENABLE_OBJC_ARC = YES;
				CLANG_ENABLE_OBJC_WEAK = YES;
				CLANG_WARN_BLOCK_CAPTURE_AUTORELEASING = YES;
				CLANG_WARN_BOOL_CONVERSION = YES;
				CLANG_WARN_COMMA = YES;
				CLANG_WARN_CONSTANT_CONVERSION = YES;
				CLANG_WARN_DEPRECATED_OBJC_IMPLEMENTATIONS = YES;
				CLANG_WARN_DIRECT_OBJC_ISA_USAGE = YES_ERROR;
				CLANG_WARN_DOCUMENTATION_COMMENTS = YES;
				CLANG_WARN_EMPTY_BODY = YES;
				CLANG_WARN_ENUM_CONVERSION = YES;
				CLANG_WARN_INFINITE_RECURSION = YES;
				CLANG_WARN_INT_CONVERSION = YES;
				CLANG_WARN_NON_LITERAL_NULL_CONVERSION = YES;
				CLANG_WARN_OBJC_IMPLICIT_RETAIN_SELF = YES;
				CLANG_WARN_OBJC_LITERAL_CONVERSION = YES;
				CLANG_WARN_OBJC_ROOT_CLASS = YES_ERROR;
				CLANG_WARN_RANGE_LOOP_ANALYSIS = YES;
				CLANG_WARN_STRICT_PROTOTYPES = YES;
				CLANG_WARN_SUSPICIOUS_MOVE = YES;
				CLANG_WARN_UNGUARDED_AVAILABILITY = YES_AGGRESSIVE;
				CLANG_WARN_UNREACHABLE_CODE = YES;
				CLANG_WARN__DUPLICATE_METHOD_MATCH = YES;
				COPY_PHASE_STRIP = NO;
				DEBUG_INFORMATION_FORMAT = dwarf;
				ENABLE_STRICT_OBJC_MSGSEND = YES;
				ENABLE_TESTABILITY = YES;
				GCC_C_LANGUAGE_STANDARD = gnu11;
				GCC_DYNAMIC_NO_PIC = NO;
				GCC_NO_COMMON_BLOCKS = YES;
				GCC_OPTIMIZATION_LEVEL = 0;
				GCC_PREPROCESSOR_DEFINITIONS = (
					"DEBUG=1",
					"$(inherited)",
				);
				GCC_WARN_64_TO_32_BIT_CONVERSION = YES;
				GCC_WARN_ABOUT_RETURN_TYPE = YES_ERROR;
				GCC_WARN_UNDECLARED_SELECTOR = YES;
				GCC_WARN_UNINITIALIZED_AUTOS = YES_AGGRESSIVE;
				GCC_WARN_UNUSED_FUNCTION = YES;
				GCC_WARN_UNUSED_VARIABLE = YES;
				IPHONEOS_DEPLOYMENT_TARGET = 13.5;
				MTL_ENABLE_DEBUG_INFO = INCLUDE_SOURCE;
				MTL_FAST_MATH = YES;
				ONLY_ACTIVE_ARCH = YES;
				SDKROOT = iphoneos;
				SWIFT_ACTIVE_COMPILATION_CONDITIONS = DEBUG;
				SWIFT_OPTIMIZATION_LEVEL = "-Onone";
			};
			name = Debug;
		};
		8FE91B8B251C3CA300FD41F2 /* Release */ = {
			isa = XCBuildConfiguration;
			buildSettings = {
				ALWAYS_SEARCH_USER_PATHS = NO;
				CLANG_ANALYZER_NONNULL = YES;
				CLANG_ANALYZER_NUMBER_OBJECT_CONVERSION = YES_AGGRESSIVE;
				CLANG_CXX_LANGUAGE_STANDARD = "gnu++14";
				CLANG_CXX_LIBRARY = "libc++";
				CLANG_ENABLE_MODULES = YES;
				CLANG_ENABLE_OBJC_ARC = YES;
				CLANG_ENABLE_OBJC_WEAK = YES;
				CLANG_WARN_BLOCK_CAPTURE_AUTORELEASING = YES;
				CLANG_WARN_BOOL_CONVERSION = YES;
				CLANG_WARN_COMMA = YES;
				CLANG_WARN_CONSTANT_CONVERSION = YES;
				CLANG_WARN_DEPRECATED_OBJC_IMPLEMENTATIONS = YES;
				CLANG_WARN_DIRECT_OBJC_ISA_USAGE = YES_ERROR;
				CLANG_WARN_DOCUMENTATION_COMMENTS = YES;
				CLANG_WARN_EMPTY_BODY = YES;
				CLANG_WARN_ENUM_CONVERSION = YES;
				CLANG_WARN_INFINITE_RECURSION = YES;
				CLANG_WARN_INT_CONVERSION = YES;
				CLANG_WARN_NON_LITERAL_NULL_CONVERSION = YES;
				CLANG_WARN_OBJC_IMPLICIT_RETAIN_SELF = YES;
				CLANG_WARN_OBJC_LITERAL_CONVERSION = YES;
				CLANG_WARN_OBJC_ROOT_CLASS = YES_ERROR;
				CLANG_WARN_RANGE_LOOP_ANALYSIS = YES;
				CLANG_WARN_STRICT_PROTOTYPES = YES;
				CLANG_WARN_SUSPICIOUS_MOVE = YES;
				CLANG_WARN_UNGUARDED_AVAILABILITY = YES_AGGRESSIVE;
				CLANG_WARN_UNREACHABLE_CODE = YES;
				CLANG_WARN__DUPLICATE_METHOD_MATCH = YES;
				COPY_PHASE_STRIP = NO;
				DEBUG_INFORMATION_FORMAT = "dwarf-with-dsym";
				ENABLE_NS_ASSERTIONS = NO;
				ENABLE_STRICT_OBJC_MSGSEND = YES;
				GCC_C_LANGUAGE_STANDARD = gnu11;
				GCC_NO_COMMON_BLOCKS = YES;
				GCC_WARN_64_TO_32_BIT_CONVERSION = YES;
				GCC_WARN_ABOUT_RETURN_TYPE = YES_ERROR;
				GCC_WARN_UNDECLARED_SELECTOR = YES;
				GCC_WARN_UNINITIALIZED_AUTOS = YES_AGGRESSIVE;
				GCC_WARN_UNUSED_FUNCTION = YES;
				GCC_WARN_UNUSED_VARIABLE = YES;
				IPHONEOS_DEPLOYMENT_TARGET = 13.5;
				MTL_ENABLE_DEBUG_INFO = NO;
				MTL_FAST_MATH = YES;
				SDKROOT = iphoneos;
				SWIFT_COMPILATION_MODE = wholemodule;
				SWIFT_OPTIMIZATION_LEVEL = "-O";
				VALIDATE_PRODUCT = YES;
			};
			name = Release;
		};
		8FE91B8D251C3CA300FD41F2 /* Debug */ = {
			isa = XCBuildConfiguration;
			baseConfigurationReference = 465154C47765F08E6B8E9793 /* Pods-Flix.debug.xcconfig */;
			buildSettings = {
				ASSETCATALOG_COMPILER_APPICON_NAME = AppIcon;
				CODE_SIGN_STYLE = Automatic;
				INFOPLIST_FILE = Flix/Info.plist;
				LD_RUNPATH_SEARCH_PATHS = (
					"$(inherited)",
					"@executable_path/Frameworks",
				);
				PRODUCT_BUNDLE_IDENTIFIER = edu.wellesley.yliao.Flix;
				PRODUCT_NAME = "$(TARGET_NAME)";
				SWIFT_VERSION = 5.0;
				TARGETED_DEVICE_FAMILY = "1,2";
			};
			name = Debug;
		};
		8FE91B8E251C3CA300FD41F2 /* Release */ = {
			isa = XCBuildConfiguration;
			baseConfigurationReference = 0D6DA35D3908AF12D3FF7E51 /* Pods-Flix.release.xcconfig */;
			buildSettings = {
				ASSETCATALOG_COMPILER_APPICON_NAME = AppIcon;
				CODE_SIGN_STYLE = Automatic;
				INFOPLIST_FILE = Flix/Info.plist;
				LD_RUNPATH_SEARCH_PATHS = (
					"$(inherited)",
					"@executable_path/Frameworks",
				);
				PRODUCT_BUNDLE_IDENTIFIER = edu.wellesley.yliao.Flix;
				PRODUCT_NAME = "$(TARGET_NAME)";
				SWIFT_VERSION = 5.0;
				TARGETED_DEVICE_FAMILY = "1,2";
			};
			name = Release;
		};
		8FE91B90251C3CA300FD41F2 /* Debug */ = {
			isa = XCBuildConfiguration;
			baseConfigurationReference = CB4CB184348C3C967A20962C /* Pods-FlixTests.debug.xcconfig */;
			buildSettings = {
				ALWAYS_EMBED_SWIFT_STANDARD_LIBRARIES = YES;
				BUNDLE_LOADER = "$(TEST_HOST)";
				CODE_SIGN_STYLE = Automatic;
				INFOPLIST_FILE = FlixTests/Info.plist;
				IPHONEOS_DEPLOYMENT_TARGET = 13.5;
				LD_RUNPATH_SEARCH_PATHS = (
					"$(inherited)",
					"@executable_path/Frameworks",
					"@loader_path/Frameworks",
				);
				PRODUCT_BUNDLE_IDENTIFIER = edu.wellesley.yliao.FlixTests;
				PRODUCT_NAME = "$(TARGET_NAME)";
				SWIFT_VERSION = 5.0;
				TARGETED_DEVICE_FAMILY = "1,2";
				TEST_HOST = "$(BUILT_PRODUCTS_DIR)/Flix.app/Flix";
			};
			name = Debug;
		};
		8FE91B91251C3CA300FD41F2 /* Release */ = {
			isa = XCBuildConfiguration;
			baseConfigurationReference = 58BD35DAA13AA99C27D51E28 /* Pods-FlixTests.release.xcconfig */;
			buildSettings = {
				ALWAYS_EMBED_SWIFT_STANDARD_LIBRARIES = YES;
				BUNDLE_LOADER = "$(TEST_HOST)";
				CODE_SIGN_STYLE = Automatic;
				INFOPLIST_FILE = FlixTests/Info.plist;
				IPHONEOS_DEPLOYMENT_TARGET = 13.5;
				LD_RUNPATH_SEARCH_PATHS = (
					"$(inherited)",
					"@executable_path/Frameworks",
					"@loader_path/Frameworks",
				);
				PRODUCT_BUNDLE_IDENTIFIER = edu.wellesley.yliao.FlixTests;
				PRODUCT_NAME = "$(TARGET_NAME)";
				SWIFT_VERSION = 5.0;
				TARGETED_DEVICE_FAMILY = "1,2";
				TEST_HOST = "$(BUILT_PRODUCTS_DIR)/Flix.app/Flix";
			};
			name = Release;
		};
		8FE91B93251C3CA300FD41F2 /* Debug */ = {
			isa = XCBuildConfiguration;
			baseConfigurationReference = 94FD05B227C1F9B05F5AC65E /* Pods-Flix-FlixUITests.debug.xcconfig */;
			buildSettings = {
				ALWAYS_EMBED_SWIFT_STANDARD_LIBRARIES = YES;
				CODE_SIGN_STYLE = Automatic;
				INFOPLIST_FILE = FlixUITests/Info.plist;
				LD_RUNPATH_SEARCH_PATHS = (
					"$(inherited)",
					"@executable_path/Frameworks",
					"@loader_path/Frameworks",
				);
				PRODUCT_BUNDLE_IDENTIFIER = edu.wellesley.yliao.FlixUITests;
				PRODUCT_NAME = "$(TARGET_NAME)";
				SWIFT_VERSION = 5.0;
				TARGETED_DEVICE_FAMILY = "1,2";
				TEST_TARGET_NAME = Flix;
			};
			name = Debug;
		};
		8FE91B94251C3CA300FD41F2 /* Release */ = {
			isa = XCBuildConfiguration;
			baseConfigurationReference = 8544C290EDA0AABDB1F2947A /* Pods-Flix-FlixUITests.release.xcconfig */;
			buildSettings = {
				ALWAYS_EMBED_SWIFT_STANDARD_LIBRARIES = YES;
				CODE_SIGN_STYLE = Automatic;
				INFOPLIST_FILE = FlixUITests/Info.plist;
				LD_RUNPATH_SEARCH_PATHS = (
					"$(inherited)",
					"@executable_path/Frameworks",
					"@loader_path/Frameworks",
				);
				PRODUCT_BUNDLE_IDENTIFIER = edu.wellesley.yliao.FlixUITests;
				PRODUCT_NAME = "$(TARGET_NAME)";
				SWIFT_VERSION = 5.0;
				TARGETED_DEVICE_FAMILY = "1,2";
				TEST_TARGET_NAME = Flix;
			};
			name = Release;
		};
/* End XCBuildConfiguration section */

/* Begin XCConfigurationList section */
		8FE91B5D251C3CA200FD41F2 /* Build configuration list for PBXProject "Flix" */ = {
			isa = XCConfigurationList;
			buildConfigurations = (
				8FE91B8A251C3CA300FD41F2 /* Debug */,
				8FE91B8B251C3CA300FD41F2 /* Release */,
			);
			defaultConfigurationIsVisible = 0;
			defaultConfigurationName = Release;
		};
		8FE91B8C251C3CA300FD41F2 /* Build configuration list for PBXNativeTarget "Flix" */ = {
			isa = XCConfigurationList;
			buildConfigurations = (
				8FE91B8D251C3CA300FD41F2 /* Debug */,
				8FE91B8E251C3CA300FD41F2 /* Release */,
			);
			defaultConfigurationIsVisible = 0;
			defaultConfigurationName = Release;
		};
		8FE91B8F251C3CA300FD41F2 /* Build configuration list for PBXNativeTarget "FlixTests" */ = {
			isa = XCConfigurationList;
			buildConfigurations = (
				8FE91B90251C3CA300FD41F2 /* Debug */,
				8FE91B91251C3CA300FD41F2 /* Release */,
			);
			defaultConfigurationIsVisible = 0;
			defaultConfigurationName = Release;
		};
		8FE91B92251C3CA300FD41F2 /* Build configuration list for PBXNativeTarget "FlixUITests" */ = {
			isa = XCConfigurationList;
			buildConfigurations = (
				8FE91B93251C3CA300FD41F2 /* Debug */,
				8FE91B94251C3CA300FD41F2 /* Release */,
			);
			defaultConfigurationIsVisible = 0;
			defaultConfigurationName = Release;
		};
/* End XCConfigurationList section */
	};
	rootObject = 8FE91B5A251C3CA200FD41F2 /* Project object */;
}
